
Microsoft Visual Studio Solution File, Format Version 12.00
# Visual Studio Version 17
VisualStudioVersion = 17.5.002.0
MinimumVisualStudioVersion = 10.0.40219.1
Project("{9A19103F-16F7-4668-BE54-9A1E7A4F7556}") = "Atividade", "Atividade\Atividade.csproj", "{725723F9-CA84-45F4-8FC7-FA246BE7CFA9}"
EndProject
Global
	GlobalSection(SolutionConfigurationPlatforms) = preSolution
		Debug|Any CPU = Debug|Any CPU
		Release|Any CPU = Release|Any CPU
	EndGlobalSection
	GlobalSection(ProjectConfigurationPlatforms) = postSolution
		{725723F9-CA84-45F4-8FC7-FA246BE7CFA9}.Debug|Any CPU.ActiveCfg = Debug|Any CPU
		{725723F9-CA84-45F4-8FC7-FA246BE7CFA9}.Debug|Any CPU.Build.0 = Debug|Any CPU
		{725723F9-CA84-45F4-8FC7-FA246BE7CFA9}.Release|Any CPU.ActiveCfg = Release|Any CPU
		{725723F9-CA84-45F4-8FC7-FA246BE7CFA9}.Release|Any CPU.Build.0 = Release|Any CPU
	EndGlobalSection
	GlobalSection(SolutionProperties) = preSolution
		HideSolutionNode = FALSE
	EndGlobalSection
	GlobalSection(ExtensibilityGlobals) = postSolution
		SolutionGuid = {B89BD3CC-6224-47EC-8C25-F19D59C1CFCC}
	EndGlobalSection
EndGlobal
